
Microsoft Visual Studio Solution File, Format Version 12.00
# Visual Studio Version 17
VisualStudioVersion = 17.9.34622.214
MinimumVisualStudioVersion = 10.0.40219.1
Project("{FAE04EC0-301F-11D3-BF4B-00C04F79EFBC}") = "TheWaterProject", "TheWaterProject\TheWaterProject.csproj", "{EEBFB2D5-BD98-4F5D-9EA6-E7875AE3A1DF}"
EndProject
Global
	GlobalSection(SolutionConfigurationPlatforms) = preSolution
		Debug|Any CPU = Debug|Any CPU
		Release|Any CPU = Release|Any CPU
	EndGlobalSection
	GlobalSection(ProjectConfigurationPlatforms) = postSolution
		{EEBFB2D5-BD98-4F5D-9EA6-E7875AE3A1DF}.Debug|Any CPU.ActiveCfg = Debug|Any CPU
		{EEBFB2D5-BD98-4F5D-9EA6-E7875AE3A1DF}.Debug|Any CPU.Build.0 = Debug|Any CPU
		{EEBFB2D5-BD98-4F5D-9EA6-E7875AE3A1DF}.Release|Any CPU.ActiveCfg = Release|Any CPU
		{EEBFB2D5-BD98-4F5D-9EA6-E7875AE3A1DF}.Release|Any CPU.Build.0 = Release|Any CPU
	EndGlobalSection
	GlobalSection(SolutionProperties) = preSolution
		HideSolutionNode = FALSE
	EndGlobalSection
	GlobalSection(ExtensibilityGlobals) = postSolution
		SolutionGuid = {BAA9E3F7-8CE8-495E-8304-D20923DACDC1}
	EndGlobalSection
EndGlobal
